
Microsoft Visual Studio Solution File, Format Version 12.00
# Visual Studio Version 16
VisualStudioVersion = 16.0.31729.503
MinimumVisualStudioVersion = 10.0.40219.1
Project("{FAE04EC0-301F-11D3-BF4B-00C04F79EFBC}") = "Demo", "Demo\Demo.csproj", "{C879F6A0-3979-4E56-B123-C7465F4DA09A}"
EndProject
Project("{FAE04EC0-301F-11D3-BF4B-00C04F79EFBC}") = "DemoTest", "DemoTest\DemoTest.csproj", "{1AF75E1C-6E86-48AA-84EE-E96DB332FE42}"
EndProject
Global
	GlobalSection(SolutionConfigurationPlatforms) = preSolution
		Debug|Any CPU = Debug|Any CPU
		Release|Any CPU = Release|Any CPU
	EndGlobalSection
	GlobalSection(ProjectConfigurationPlatforms) = postSolution
		{C879F6A0-3979-4E56-B123-C7465F4DA09A}.Debug|Any CPU.ActiveCfg = Debug|Any CPU
		{C879F6A0-3979-4E56-B123-C7465F4DA09A}.Debug|Any CPU.Build.0 = Debug|Any CPU
		{C879F6A0-3979-4E56-B123-C7465F4DA09A}.Release|Any CPU.ActiveCfg = Release|Any CPU
		{C879F6A0-3979-4E56-B123-C7465F4DA09A}.Release|Any CPU.Build.0 = Release|Any CPU
		{1AF75E1C-6E86-48AA-84EE-E96DB332FE42}.Debug|Any CPU.ActiveCfg = Debug|Any CPU
		{1AF75E1C-6E86-48AA-84EE-E96DB332FE42}.Debug|Any CPU.Build.0 = Debug|Any CPU
		{1AF75E1C-6E86-48AA-84EE-E96DB332FE42}.Release|Any CPU.ActiveCfg = Release|Any CPU
		{1AF75E1C-6E86-48AA-84EE-E96DB332FE42}.Release|Any CPU.Build.0 = Release|Any CPU
	EndGlobalSection
	GlobalSection(SolutionProperties) = preSolution
		HideSolutionNode = FALSE
	EndGlobalSection
	GlobalSection(ExtensibilityGlobals) = postSolution
		SolutionGuid = {7E26CEB9-DBB4-4A28-8585-006169516E44}
	EndGlobalSection
EndGlobal
